
Microsoft Visual Studio Solution File, Format Version 12.00
# Visual Studio Version 16
VisualStudioVersion = 16.0.30320.27
MinimumVisualStudioVersion = 10.0.40219.1
Project("{FAE04EC0-301F-11D3-BF4B-00C04F79EFBC}") = "WindowsFormsApp1", "WindowsFormsApp1\WindowsFormsApp1.csproj", "{6DF1DD50-F8A9-46C8-8FAA-84B66C9EF931}"
EndProject
Global
	GlobalSection(SolutionConfigurationPlatforms) = preSolution
		Debug|Any CPU = Debug|Any CPU
		Release|Any CPU = Release|Any CPU
	EndGlobalSection
	GlobalSection(ProjectConfigurationPlatforms) = postSolution
		{6DF1DD50-F8A9-46C8-8FAA-84B66C9EF931}.Debug|Any CPU.ActiveCfg = Debug|Any CPU
		{6DF1DD50-F8A9-46C8-8FAA-84B66C9EF931}.Debug|Any CPU.Build.0 = Debug|Any CPU
		{6DF1DD50-F8A9-46C8-8FAA-84B66C9EF931}.Release|Any CPU.ActiveCfg = Release|Any CPU
		{6DF1DD50-F8A9-46C8-8FAA-84B66C9EF931}.Release|Any CPU.Build.0 = Release|Any CPU
	EndGlobalSection
	GlobalSection(SolutionProperties) = preSolution
		HideSolutionNode = FALSE
	EndGlobalSection
	GlobalSection(ExtensibilityGlobals) = postSolution
		SolutionGuid = {78A53A8E-338F-4252-B759-870705B8EB86}
	EndGlobalSection
EndGlobal
